
Microsoft Visual Studio Solution File, Format Version 12.00
# Visual Studio Version 16
VisualStudioVersion = 16.0.30104.148
MinimumVisualStudioVersion = 10.0.40219.1
Project("{FAE04EC0-301F-11D3-BF4B-00C04F79EFBC}") = "ForGitExamples", "ForGitExamples\ForGitExamples.csproj", "{FC57A2DD-9974-4FAF-B169-FD90F8F00423}"
EndProject
Global
	GlobalSection(SolutionConfigurationPlatforms) = preSolution
		Debug|Any CPU = Debug|Any CPU
		Release|Any CPU = Release|Any CPU
	EndGlobalSection
	GlobalSection(ProjectConfigurationPlatforms) = postSolution
		{FC57A2DD-9974-4FAF-B169-FD90F8F00423}.Debug|Any CPU.ActiveCfg = Debug|Any CPU
		{FC57A2DD-9974-4FAF-B169-FD90F8F00423}.Debug|Any CPU.Build.0 = Debug|Any CPU
		{FC57A2DD-9974-4FAF-B169-FD90F8F00423}.Release|Any CPU.ActiveCfg = Release|Any CPU
		{FC57A2DD-9974-4FAF-B169-FD90F8F00423}.Release|Any CPU.Build.0 = Release|Any CPU
	EndGlobalSection
	GlobalSection(SolutionProperties) = preSolution
		HideSolutionNode = FALSE
	EndGlobalSection
	GlobalSection(ExtensibilityGlobals) = postSolution
		SolutionGuid = {F11FB88D-F2CB-4EBA-8D04-87112F1355AD}
	EndGlobalSection
EndGlobal
